
Microsoft Visual Studio Solution File, Format Version 12.00
# Visual Studio 15
VisualStudioVersion = 15.0.28307.757
MinimumVisualStudioVersion = 10.0.40219.1
Project("{2150E333-8FDC-42A3-9474-1A3956D46DE8}") = "Solution Items", "Solution Items", "{F007ED0A-F9E5-455E-AA90-18DAB1FA1878}"
	ProjectSection(SolutionItems) = preProject
		ReadMe.md = ReadMe.md
	EndProjectSection
EndProject
Project("{9A19103F-16F7-4668-BE54-9A1E7A4F7556}") = "Gluid", "Gluid\Gluid.csproj", "{C110AEEB-40A5-44B6-90A8-46CB5D226C56}"
EndProject
Project("{9A19103F-16F7-4668-BE54-9A1E7A4F7556}") = "Gluid.Tests", "Gluid.Tests\Gluid.Tests.csproj", "{D13F7DF1-1663-41F3-9844-D0897D93B9BD}"
EndProject
Global
	GlobalSection(SolutionConfigurationPlatforms) = preSolution
		Debug|Any CPU = Debug|Any CPU
		Release|Any CPU = Release|Any CPU
	EndGlobalSection
	GlobalSection(ProjectConfigurationPlatforms) = postSolution
		{C110AEEB-40A5-44B6-90A8-46CB5D226C56}.Debug|Any CPU.ActiveCfg = Debug|Any CPU
		{C110AEEB-40A5-44B6-90A8-46CB5D226C56}.Debug|Any CPU.Build.0 = Debug|Any CPU
		{C110AEEB-40A5-44B6-90A8-46CB5D226C56}.Release|Any CPU.ActiveCfg = Release|Any CPU
		{C110AEEB-40A5-44B6-90A8-46CB5D226C56}.Release|Any CPU.Build.0 = Release|Any CPU
		{D13F7DF1-1663-41F3-9844-D0897D93B9BD}.Debug|Any CPU.ActiveCfg = Debug|Any CPU
		{D13F7DF1-1663-41F3-9844-D0897D93B9BD}.Debug|Any CPU.Build.0 = Debug|Any CPU
		{D13F7DF1-1663-41F3-9844-D0897D93B9BD}.Release|Any CPU.ActiveCfg = Release|Any CPU
		{D13F7DF1-1663-41F3-9844-D0897D93B9BD}.Release|Any CPU.Build.0 = Release|Any CPU
	EndGlobalSection
	GlobalSection(SolutionProperties) = preSolution
		HideSolutionNode = FALSE
	EndGlobalSection
	GlobalSection(ExtensibilityGlobals) = postSolution
		SolutionGuid = {687DD717-E287-4EA1-A8CF-F9F2D4D115A2}
	EndGlobalSection
EndGlobal
